
Microsoft Visual Studio Solution File, Format Version 12.00
# Visual Studio Version 16
VisualStudioVersion = 16.0.29920.165
MinimumVisualStudioVersion = 10.0.40219.1
Project("{FAE04EC0-301F-11D3-BF4B-00C04F79EFBC}") = "NatsPublisher", "NatsPublisher\NatsPublisher.csproj", "{A68450F1-7E99-4C8F-BFC2-220411684A80}"
EndProject
Project("{FAE04EC0-301F-11D3-BF4B-00C04F79EFBC}") = "NatsSubscriber", "NatsSubscriber\NatsSubscriber.csproj", "{BCB4A870-B496-407B-AC7F-27B0BA0A9306}"
EndProject
Project("{FAE04EC0-301F-11D3-BF4B-00C04F79EFBC}") = "NatsTask.Common", "NatsTask.Common\NatsTask.Common.csproj", "{CFC8A771-F605-4FF6-B673-120A551077FE}"
EndProject
Global
	GlobalSection(SolutionConfigurationPlatforms) = preSolution
		Debug|Any CPU = Debug|Any CPU
		Release|Any CPU = Release|Any CPU
	EndGlobalSection
	GlobalSection(ProjectConfigurationPlatforms) = postSolution
		{A68450F1-7E99-4C8F-BFC2-220411684A80}.Debug|Any CPU.ActiveCfg = Debug|Any CPU
		{A68450F1-7E99-4C8F-BFC2-220411684A80}.Debug|Any CPU.Build.0 = Debug|Any CPU
		{A68450F1-7E99-4C8F-BFC2-220411684A80}.Release|Any CPU.ActiveCfg = Release|Any CPU
		{A68450F1-7E99-4C8F-BFC2-220411684A80}.Release|Any CPU.Build.0 = Release|Any CPU
		{BCB4A870-B496-407B-AC7F-27B0BA0A9306}.Debug|Any CPU.ActiveCfg = Debug|Any CPU
		{BCB4A870-B496-407B-AC7F-27B0BA0A9306}.Debug|Any CPU.Build.0 = Debug|Any CPU
		{BCB4A870-B496-407B-AC7F-27B0BA0A9306}.Release|Any CPU.ActiveCfg = Release|Any CPU
		{BCB4A870-B496-407B-AC7F-27B0BA0A9306}.Release|Any CPU.Build.0 = Release|Any CPU
		{CFC8A771-F605-4FF6-B673-120A551077FE}.Debug|Any CPU.ActiveCfg = Debug|Any CPU
		{CFC8A771-F605-4FF6-B673-120A551077FE}.Debug|Any CPU.Build.0 = Debug|Any CPU
		{CFC8A771-F605-4FF6-B673-120A551077FE}.Release|Any CPU.ActiveCfg = Release|Any CPU
		{CFC8A771-F605-4FF6-B673-120A551077FE}.Release|Any CPU.Build.0 = Release|Any CPU
	EndGlobalSection
	GlobalSection(SolutionProperties) = preSolution
		HideSolutionNode = FALSE
	EndGlobalSection
	GlobalSection(ExtensibilityGlobals) = postSolution
		SolutionGuid = {F1DA03CE-6F05-48A0-AE93-C0F48DB94FF8}
	EndGlobalSection
EndGlobal
